
Microsoft Visual Studio Solution File, Format Version 12.00
# Visual Studio Version 16
VisualStudioVersion = 16.0.30330.147
MinimumVisualStudioVersion = 10.0.40219.1
Project("{FAE04EC0-301F-11D3-BF4B-00C04F79EFBC}") = "ShareMarketAPIs", "ShareMarketAPIs.csproj", "{D9BC432A-85F1-4A40-9A1B-D620D96104DE}"
EndProject
Global
	GlobalSection(SolutionConfigurationPlatforms) = preSolution
		Debug|Any CPU = Debug|Any CPU
		Release|Any CPU = Release|Any CPU
	EndGlobalSection
	GlobalSection(ProjectConfigurationPlatforms) = postSolution
		{D9BC432A-85F1-4A40-9A1B-D620D96104DE}.Debug|Any CPU.ActiveCfg = Debug|Any CPU
		{D9BC432A-85F1-4A40-9A1B-D620D96104DE}.Debug|Any CPU.Build.0 = Debug|Any CPU
		{D9BC432A-85F1-4A40-9A1B-D620D96104DE}.Release|Any CPU.ActiveCfg = Release|Any CPU
		{D9BC432A-85F1-4A40-9A1B-D620D96104DE}.Release|Any CPU.Build.0 = Release|Any CPU
	EndGlobalSection
	GlobalSection(SolutionProperties) = preSolution
		HideSolutionNode = FALSE
	EndGlobalSection
	GlobalSection(ExtensibilityGlobals) = postSolution
		SolutionGuid = {23E8E1D1-FB1F-4843-B9FA-EA24F5BD645C}
	EndGlobalSection
EndGlobal
